
Microsoft Visual Studio Solution File, Format Version 12.00
# Visual Studio Version 16
VisualStudioVersion = 16.0.31410.357
MinimumVisualStudioVersion = 10.0.40219.1
Project("{FAE04EC0-301F-11D3-BF4B-00C04F79EFBC}") = "Avonix", "Avonix\Avonix.csproj", "{A6692D4E-A025-4867-A31C-712730C2BAF1}"
EndProject
Global
	GlobalSection(SolutionConfigurationPlatforms) = preSolution
		Debug|Any CPU = Debug|Any CPU
		Release|Any CPU = Release|Any CPU
	EndGlobalSection
	GlobalSection(ProjectConfigurationPlatforms) = postSolution
		{A6692D4E-A025-4867-A31C-712730C2BAF1}.Debug|Any CPU.ActiveCfg = Debug|Any CPU
		{A6692D4E-A025-4867-A31C-712730C2BAF1}.Debug|Any CPU.Build.0 = Debug|Any CPU
		{A6692D4E-A025-4867-A31C-712730C2BAF1}.Release|Any CPU.ActiveCfg = Release|Any CPU
		{A6692D4E-A025-4867-A31C-712730C2BAF1}.Release|Any CPU.Build.0 = Release|Any CPU
	EndGlobalSection
	GlobalSection(SolutionProperties) = preSolution
		HideSolutionNode = FALSE
	EndGlobalSection
	GlobalSection(ExtensibilityGlobals) = postSolution
		SolutionGuid = {7526BF3B-7E1F-4077-8A7A-79643446ED3D}
	EndGlobalSection
EndGlobal
